
Microsoft Visual Studio Solution File, Format Version 12.00
# Visual Studio Version 16
VisualStudioVersion = 16.0.29911.84
MinimumVisualStudioVersion = 10.0.40219.1
Project("{FAE04EC0-301F-11D3-BF4B-00C04F79EFBC}") = "Genetyczny", "Genetyczny\Genetyczny.csproj", "{F85A79B8-C262-4618-9FD7-BF58160E6039}"
EndProject
Global
	GlobalSection(SolutionConfigurationPlatforms) = preSolution
		Debug|Any CPU = Debug|Any CPU
		Release|Any CPU = Release|Any CPU
	EndGlobalSection
	GlobalSection(ProjectConfigurationPlatforms) = postSolution
		{F85A79B8-C262-4618-9FD7-BF58160E6039}.Debug|Any CPU.ActiveCfg = Debug|Any CPU
		{F85A79B8-C262-4618-9FD7-BF58160E6039}.Debug|Any CPU.Build.0 = Debug|Any CPU
		{F85A79B8-C262-4618-9FD7-BF58160E6039}.Release|Any CPU.ActiveCfg = Release|Any CPU
		{F85A79B8-C262-4618-9FD7-BF58160E6039}.Release|Any CPU.Build.0 = Release|Any CPU
	EndGlobalSection
	GlobalSection(SolutionProperties) = preSolution
		HideSolutionNode = FALSE
	EndGlobalSection
	GlobalSection(ExtensibilityGlobals) = postSolution
		SolutionGuid = {37705980-2967-4E62-AAFD-4E6CD5D8BC11}
	EndGlobalSection
EndGlobal
